
Microsoft Visual Studio Solution File, Format Version 12.00
# Visual Studio Version 17
VisualStudioVersion = 17.7.34024.191
MinimumVisualStudioVersion = 10.0.40219.1
Project("{9A19103F-16F7-4668-BE54-9A1E7A4F7556}") = "RecipeWinForms", "RecipeWinForms\RecipeWinForms.csproj", "{3B9E7A40-AC75-4081-979B-A367F018E22A}"
EndProject
Project("{9A19103F-16F7-4668-BE54-9A1E7A4F7556}") = "CPUFramework", "..\..\CPUFramework\CPUFramework.csproj", "{0FDD7816-7368-4E46-A416-EFC470E67AEF}"
EndProject
Project("{9A19103F-16F7-4668-BE54-9A1E7A4F7556}") = "CPUWindowsFormFramework", "..\..\CPUWindowsFormFramework\CPUWindowsFormFramework.csproj", "{72CFEA24-139D-4E8E-88D6-523E75BDEDD6}"
EndProject
Project("{9A19103F-16F7-4668-BE54-9A1E7A4F7556}") = "RecipeSystem", "RecipeSystem\RecipeSystem.csproj", "{DADCB262-E1F5-408B-8EBF-3889A9AC9409}"
EndProject
Project("{9A19103F-16F7-4668-BE54-9A1E7A4F7556}") = "RecipesTest", "RecipesTest\RecipesTest.csproj", "{FA1FFBC1-AC48-44F0-8454-6A92A91C8BD9}"
EndProject
Project("{9A19103F-16F7-4668-BE54-9A1E7A4F7556}") = "RecipeMAUI", "RecipeMAUI\RecipeMAUI.csproj", "{7FE4DF4B-1D82-47DD-86CF-20FFA2E40513}"
EndProject
Project("{FAE04EC0-301F-11D3-BF4B-00C04F79EFBC}") = "RecipeAPI", "RecipeAPI\RecipeAPI.csproj", "{CD3A3690-4092-4421-8C28-2526AB97CA08}"
EndProject
Global
	GlobalSection(SolutionConfigurationPlatforms) = preSolution
		Debug|Any CPU = Debug|Any CPU
		Release|Any CPU = Release|Any CPU
	EndGlobalSection
	GlobalSection(ProjectConfigurationPlatforms) = postSolution
		{3B9E7A40-AC75-4081-979B-A367F018E22A}.Debug|Any CPU.ActiveCfg = Debug|Any CPU
		{3B9E7A40-AC75-4081-979B-A367F018E22A}.Debug|Any CPU.Build.0 = Debug|Any CPU
		{3B9E7A40-AC75-4081-979B-A367F018E22A}.Release|Any CPU.ActiveCfg = Release|Any CPU
		{3B9E7A40-AC75-4081-979B-A367F018E22A}.Release|Any CPU.Build.0 = Release|Any CPU
		{0FDD7816-7368-4E46-A416-EFC470E67AEF}.Debug|Any CPU.ActiveCfg = Debug|Any CPU
		{0FDD7816-7368-4E46-A416-EFC470E67AEF}.Debug|Any CPU.Build.0 = Debug|Any CPU
		{0FDD7816-7368-4E46-A416-EFC470E67AEF}.Release|Any CPU.ActiveCfg = Release|Any CPU
		{0FDD7816-7368-4E46-A416-EFC470E67AEF}.Release|Any CPU.Build.0 = Release|Any CPU
		{72CFEA24-139D-4E8E-88D6-523E75BDEDD6}.Debug|Any CPU.ActiveCfg = Debug|Any CPU
		{72CFEA24-139D-4E8E-88D6-523E75BDEDD6}.Debug|Any CPU.Build.0 = Debug|Any CPU
		{72CFEA24-139D-4E8E-88D6-523E75BDEDD6}.Release|Any CPU.ActiveCfg = Release|Any CPU
		{72CFEA24-139D-4E8E-88D6-523E75BDEDD6}.Release|Any CPU.Build.0 = Release|Any CPU
		{DADCB262-E1F5-408B-8EBF-3889A9AC9409}.Debug|Any CPU.ActiveCfg = Debug|Any CPU
		{DADCB262-E1F5-408B-8EBF-3889A9AC9409}.Debug|Any CPU.Build.0 = Debug|Any CPU
		{DADCB262-E1F5-408B-8EBF-3889A9AC9409}.Release|Any CPU.ActiveCfg = Release|Any CPU
		{DADCB262-E1F5-408B-8EBF-3889A9AC9409}.Release|Any CPU.Build.0 = Release|Any CPU
		{FA1FFBC1-AC48-44F0-8454-6A92A91C8BD9}.Debug|Any CPU.ActiveCfg = Debug|Any CPU
		{FA1FFBC1-AC48-44F0-8454-6A92A91C8BD9}.Debug|Any CPU.Build.0 = Debug|Any CPU
		{FA1FFBC1-AC48-44F0-8454-6A92A91C8BD9}.Release|Any CPU.ActiveCfg = Release|Any CPU
		{FA1FFBC1-AC48-44F0-8454-6A92A91C8BD9}.Release|Any CPU.Build.0 = Release|Any CPU
		{7FE4DF4B-1D82-47DD-86CF-20FFA2E40513}.Debug|Any CPU.ActiveCfg = Debug|Any CPU
		{7FE4DF4B-1D82-47DD-86CF-20FFA2E40513}.Debug|Any CPU.Build.0 = Debug|Any CPU
		{7FE4DF4B-1D82-47DD-86CF-20FFA2E40513}.Debug|Any CPU.Deploy.0 = Debug|Any CPU
		{7FE4DF4B-1D82-47DD-86CF-20FFA2E40513}.Release|Any CPU.ActiveCfg = Release|Any CPU
		{7FE4DF4B-1D82-47DD-86CF-20FFA2E40513}.Release|Any CPU.Build.0 = Release|Any CPU
		{7FE4DF4B-1D82-47DD-86CF-20FFA2E40513}.Release|Any CPU.Deploy.0 = Release|Any CPU
		{CD3A3690-4092-4421-8C28-2526AB97CA08}.Debug|Any CPU.ActiveCfg = Debug|Any CPU
		{CD3A3690-4092-4421-8C28-2526AB97CA08}.Debug|Any CPU.Build.0 = Debug|Any CPU
		{CD3A3690-4092-4421-8C28-2526AB97CA08}.Release|Any CPU.ActiveCfg = Release|Any CPU
		{CD3A3690-4092-4421-8C28-2526AB97CA08}.Release|Any CPU.Build.0 = Release|Any CPU
	EndGlobalSection
	GlobalSection(SolutionProperties) = preSolution
		HideSolutionNode = FALSE
	EndGlobalSection
	GlobalSection(ExtensibilityGlobals) = postSolution
		SolutionGuid = {0C0DA33D-1D62-459D-95FB-9481FDBCA125}
	EndGlobalSection
EndGlobal
